
Microsoft Visual Studio Solution File, Format Version 12.00
# Visual Studio Version 16
VisualStudioVersion = 16.0.30320.27
MinimumVisualStudioVersion = 10.0.40219.1
Project("{9A19103F-16F7-4668-BE54-9A1E7A4F7556}") = "TCPclient", "src\TCPClient\TCPclient.csproj", "{3CAC5F0F-1E13-4E58-A610-3BDD245C483E}"
EndProject
Project("{9A19103F-16F7-4668-BE54-9A1E7A4F7556}") = "TCPserver", "src\TCPserver\TCPserver.csproj", "{C7DB6B74-45F3-4354-92F1-7FE0F21EE48B}"
EndProject
Global
	GlobalSection(SolutionConfigurationPlatforms) = preSolution
		Debug|Any CPU = Debug|Any CPU
		Release|Any CPU = Release|Any CPU
	EndGlobalSection
	GlobalSection(ProjectConfigurationPlatforms) = postSolution
		{3CAC5F0F-1E13-4E58-A610-3BDD245C483E}.Debug|Any CPU.ActiveCfg = Debug|Any CPU
		{3CAC5F0F-1E13-4E58-A610-3BDD245C483E}.Debug|Any CPU.Build.0 = Debug|Any CPU
		{3CAC5F0F-1E13-4E58-A610-3BDD245C483E}.Release|Any CPU.ActiveCfg = Release|Any CPU
		{3CAC5F0F-1E13-4E58-A610-3BDD245C483E}.Release|Any CPU.Build.0 = Release|Any CPU
		{C7DB6B74-45F3-4354-92F1-7FE0F21EE48B}.Debug|Any CPU.ActiveCfg = Debug|Any CPU
		{C7DB6B74-45F3-4354-92F1-7FE0F21EE48B}.Debug|Any CPU.Build.0 = Debug|Any CPU
		{C7DB6B74-45F3-4354-92F1-7FE0F21EE48B}.Release|Any CPU.ActiveCfg = Release|Any CPU
		{C7DB6B74-45F3-4354-92F1-7FE0F21EE48B}.Release|Any CPU.Build.0 = Release|Any CPU
	EndGlobalSection
	GlobalSection(SolutionProperties) = preSolution
		HideSolutionNode = FALSE
	EndGlobalSection
	GlobalSection(ExtensibilityGlobals) = postSolution
		SolutionGuid = {2437520C-9B55-4BA7-A9A0-0E1FC0BC2193}
	EndGlobalSection
EndGlobal
